
Microsoft Visual Studio Solution File, Format Version 12.00
# Visual Studio 15
Project("{FAE04EC0-301F-11D3-BF4B-00C04F79EFBC}") = "MeshBakerCore", "MeshBakerCore.csproj", "{25FA6A80-504A-55A3-709C-47359F178523}"
EndProject
Project("{FAE04EC0-301F-11D3-BF4B-00C04F79EFBC}") = "Assembly-CSharp", "Assembly-CSharp.csproj", "{9E977B04-DBC3-C221-E5C3-BFA3085328C8}"
EndProject
Project("{FAE04EC0-301F-11D3-BF4B-00C04F79EFBC}") = "MeshBakerEditor", "MeshBakerEditor.csproj", "{2D41C887-C8FE-58DA-170A-EB23EA908432}"
EndProject
Project("{FAE04EC0-301F-11D3-BF4B-00C04F79EFBC}") = "PICO.TobSupport", "PICO.TobSupport.csproj", "{ACB9EE32-7794-B342-F39C-C383F3AFBC21}"
EndProject
Project("{FAE04EC0-301F-11D3-BF4B-00C04F79EFBC}") = "Unity.XR.OpenXR.Features.PICOSupport", "Unity.XR.OpenXR.Features.PICOSupport.csproj", "{D4BB80BD-8F9D-C399-810D-D00B4A2999F5}"
EndProject
Project("{FAE04EC0-301F-11D3-BF4B-00C04F79EFBC}") = "Tayx.Graphy.Editor", "Tayx.Graphy.Editor.csproj", "{C2A78ACE-8B4D-2785-ECAA-93FF698B7D75}"
EndProject
Project("{FAE04EC0-301F-11D3-BF4B-00C04F79EFBC}") = "PICO.Platform", "PICO.Platform.csproj", "{E7143208-6657-DCB9-AA70-D98FF6B801BC}"
EndProject
Project("{FAE04EC0-301F-11D3-BF4B-00C04F79EFBC}") = "MeshBakerExamples", "MeshBakerExamples.csproj", "{B6C46A01-48E9-1013-1E77-ECD89F44D746}"
EndProject
Project("{FAE04EC0-301F-11D3-BF4B-00C04F79EFBC}") = "PICO.Platform.Editor", "PICO.Platform.Editor.csproj", "{9F03B4D5-87E4-47E3-4A4F-7E6540EBE0E7}"
EndProject
Project("{FAE04EC0-301F-11D3-BF4B-00C04F79EFBC}") = "Unity.XR.OpenXR.Features.PICOSupport.Editor", "Unity.XR.OpenXR.Features.PICOSupport.Editor.csproj", "{912C5281-378A-2C63-4A8D-741849101546}"
EndProject
Project("{FAE04EC0-301F-11D3-BF4B-00C04F79EFBC}") = "Tayx.Graphy", "Tayx.Graphy.csproj", "{E648316F-3088-6FAD-5EBB-DC7A7D156036}"
EndProject
Project("{FAE04EC0-301F-11D3-BF4B-00C04F79EFBC}") = "Assembly-CSharp-Editor", "Assembly-CSharp-Editor.csproj", "{7071FBDA-9FFD-9775-A568-8863A633BE15}"
EndProject
Project("{FAE04EC0-301F-11D3-BF4B-00C04F79EFBC}") = "Unity.XR.OpenXRPico", "Unity.XR.OpenXRPico.csproj", "{F9D08A84-A07B-4BDA-262D-3CF4A1B5A798}"
EndProject
Global
	GlobalSection(SolutionConfigurationPlatforms) = preSolution
		Debug|Any CPU = Debug|Any CPU
		Release|Any CPU = Release|Any CPU
	EndGlobalSection
	GlobalSection(ProjectConfigurationPlatforms) = postSolution
		{25FA6A80-504A-55A3-709C-47359F178523}.Debug|Any CPU.ActiveCfg = Debug|Any CPU
		{25FA6A80-504A-55A3-709C-47359F178523}.Debug|Any CPU.Build.0 = Debug|Any CPU
		{25FA6A80-504A-55A3-709C-47359F178523}.Release|Any CPU.ActiveCfg = Release|Any CPU
		{25FA6A80-504A-55A3-709C-47359F178523}.Release|Any CPU.Build.0 = Release|Any CPU
		{9E977B04-DBC3-C221-E5C3-BFA3085328C8}.Debug|Any CPU.ActiveCfg = Debug|Any CPU
		{9E977B04-DBC3-C221-E5C3-BFA3085328C8}.Debug|Any CPU.Build.0 = Debug|Any CPU
		{9E977B04-DBC3-C221-E5C3-BFA3085328C8}.Release|Any CPU.ActiveCfg = Release|Any CPU
		{9E977B04-DBC3-C221-E5C3-BFA3085328C8}.Release|Any CPU.Build.0 = Release|Any CPU
		{2D41C887-C8FE-58DA-170A-EB23EA908432}.Debug|Any CPU.ActiveCfg = Debug|Any CPU
		{2D41C887-C8FE-58DA-170A-EB23EA908432}.Debug|Any CPU.Build.0 = Debug|Any CPU
		{2D41C887-C8FE-58DA-170A-EB23EA908432}.Release|Any CPU.ActiveCfg = Release|Any CPU
		{2D41C887-C8FE-58DA-170A-EB23EA908432}.Release|Any CPU.Build.0 = Release|Any CPU
		{ACB9EE32-7794-B342-F39C-C383F3AFBC21}.Debug|Any CPU.ActiveCfg = Debug|Any CPU
		{ACB9EE32-7794-B342-F39C-C383F3AFBC21}.Debug|Any CPU.Build.0 = Debug|Any CPU
		{ACB9EE32-7794-B342-F39C-C383F3AFBC21}.Release|Any CPU.ActiveCfg = Release|Any CPU
		{ACB9EE32-7794-B342-F39C-C383F3AFBC21}.Release|Any CPU.Build.0 = Release|Any CPU
		{D4BB80BD-8F9D-C399-810D-D00B4A2999F5}.Debug|Any CPU.ActiveCfg = Debug|Any CPU
		{D4BB80BD-8F9D-C399-810D-D00B4A2999F5}.Debug|Any CPU.Build.0 = Debug|Any CPU
		{D4BB80BD-8F9D-C399-810D-D00B4A2999F5}.Release|Any CPU.ActiveCfg = Release|Any CPU
		{D4BB80BD-8F9D-C399-810D-D00B4A2999F5}.Release|Any CPU.Build.0 = Release|Any CPU
		{C2A78ACE-8B4D-2785-ECAA-93FF698B7D75}.Debug|Any CPU.ActiveCfg = Debug|Any CPU
		{C2A78ACE-8B4D-2785-ECAA-93FF698B7D75}.Debug|Any CPU.Build.0 = Debug|Any CPU
		{C2A78ACE-8B4D-2785-ECAA-93FF698B7D75}.Release|Any CPU.ActiveCfg = Release|Any CPU
		{C2A78ACE-8B4D-2785-ECAA-93FF698B7D75}.Release|Any CPU.Build.0 = Release|Any CPU
		{E7143208-6657-DCB9-AA70-D98FF6B801BC}.Debug|Any CPU.ActiveCfg = Debug|Any CPU
		{E7143208-6657-DCB9-AA70-D98FF6B801BC}.Debug|Any CPU.Build.0 = Debug|Any CPU
		{E7143208-6657-DCB9-AA70-D98FF6B801BC}.Release|Any CPU.ActiveCfg = Release|Any CPU
		{E7143208-6657-DCB9-AA70-D98FF6B801BC}.Release|Any CPU.Build.0 = Release|Any CPU
		{B6C46A01-48E9-1013-1E77-ECD89F44D746}.Debug|Any CPU.ActiveCfg = Debug|Any CPU
		{B6C46A01-48E9-1013-1E77-ECD89F44D746}.Debug|Any CPU.Build.0 = Debug|Any CPU
		{B6C46A01-48E9-1013-1E77-ECD89F44D746}.Release|Any CPU.ActiveCfg = Release|Any CPU
		{B6C46A01-48E9-1013-1E77-ECD89F44D746}.Release|Any CPU.Build.0 = Release|Any CPU
		{9F03B4D5-87E4-47E3-4A4F-7E6540EBE0E7}.Debug|Any CPU.ActiveCfg = Debug|Any CPU
		{9F03B4D5-87E4-47E3-4A4F-7E6540EBE0E7}.Debug|Any CPU.Build.0 = Debug|Any CPU
		{9F03B4D5-87E4-47E3-4A4F-7E6540EBE0E7}.Release|Any CPU.ActiveCfg = Release|Any CPU
		{9F03B4D5-87E4-47E3-4A4F-7E6540EBE0E7}.Release|Any CPU.Build.0 = Release|Any CPU
		{912C5281-378A-2C63-4A8D-741849101546}.Debug|Any CPU.ActiveCfg = Debug|Any CPU
		{912C5281-378A-2C63-4A8D-741849101546}.Debug|Any CPU.Build.0 = Debug|Any CPU
		{912C5281-378A-2C63-4A8D-741849101546}.Release|Any CPU.ActiveCfg = Release|Any CPU
		{912C5281-378A-2C63-4A8D-741849101546}.Release|Any CPU.Build.0 = Release|Any CPU
		{E648316F-3088-6FAD-5EBB-DC7A7D156036}.Debug|Any CPU.ActiveCfg = Debug|Any CPU
		{E648316F-3088-6FAD-5EBB-DC7A7D156036}.Debug|Any CPU.Build.0 = Debug|Any CPU
		{E648316F-3088-6FAD-5EBB-DC7A7D156036}.Release|Any CPU.ActiveCfg = Release|Any CPU
		{E648316F-3088-6FAD-5EBB-DC7A7D156036}.Release|Any CPU.Build.0 = Release|Any CPU
		{7071FBDA-9FFD-9775-A568-8863A633BE15}.Debug|Any CPU.ActiveCfg = Debug|Any CPU
		{7071FBDA-9FFD-9775-A568-8863A633BE15}.Debug|Any CPU.Build.0 = Debug|Any CPU
		{7071FBDA-9FFD-9775-A568-8863A633BE15}.Release|Any CPU.ActiveCfg = Release|Any CPU
		{7071FBDA-9FFD-9775-A568-8863A633BE15}.Release|Any CPU.Build.0 = Release|Any CPU
		{F9D08A84-A07B-4BDA-262D-3CF4A1B5A798}.Debug|Any CPU.ActiveCfg = Debug|Any CPU
		{F9D08A84-A07B-4BDA-262D-3CF4A1B5A798}.Debug|Any CPU.Build.0 = Debug|Any CPU
		{F9D08A84-A07B-4BDA-262D-3CF4A1B5A798}.Release|Any CPU.ActiveCfg = Release|Any CPU
		{F9D08A84-A07B-4BDA-262D-3CF4A1B5A798}.Release|Any CPU.Build.0 = Release|Any CPU
	EndGlobalSection
	GlobalSection(SolutionProperties) = preSolution
		HideSolutionNode = FALSE
	EndGlobalSection
EndGlobal
